
Microsoft Visual Studio Solution File, Format Version 12.00
# Visual Studio Version 17
VisualStudioVersion = 17.7.34202.233
MinimumVisualStudioVersion = 10.0.40219.1
Project("{FAE04EC0-301F-11D3-BF4B-00C04F79EFBC}") = "RotateCropMauiBlazorApp", "RotateCropMauiBlazorApp\RotateCropMauiBlazorApp.csproj", "{AE6049BB-23E1-4A75-ACB7-896CB17C4EEB}"
EndProject
Global
	GlobalSection(SolutionConfigurationPlatforms) = preSolution
		Debug|Any CPU = Debug|Any CPU
		Release|Any CPU = Release|Any CPU
	EndGlobalSection
	GlobalSection(ProjectConfigurationPlatforms) = postSolution
		{AE6049BB-23E1-4A75-ACB7-896CB17C4EEB}.Debug|Any CPU.ActiveCfg = Debug|Any CPU
		{AE6049BB-23E1-4A75-ACB7-896CB17C4EEB}.Debug|Any CPU.Build.0 = Debug|Any CPU
		{AE6049BB-23E1-4A75-ACB7-896CB17C4EEB}.Debug|Any CPU.Deploy.0 = Debug|Any CPU
		{AE6049BB-23E1-4A75-ACB7-896CB17C4EEB}.Release|Any CPU.ActiveCfg = Release|Any CPU
		{AE6049BB-23E1-4A75-ACB7-896CB17C4EEB}.Release|Any CPU.Build.0 = Release|Any CPU
		{AE6049BB-23E1-4A75-ACB7-896CB17C4EEB}.Release|Any CPU.Deploy.0 = Release|Any CPU
	EndGlobalSection
	GlobalSection(SolutionProperties) = preSolution
		HideSolutionNode = FALSE
	EndGlobalSection
	GlobalSection(ExtensibilityGlobals) = postSolution
		SolutionGuid = {47CB6AC2-BDF3-4820-B8F6-FD8C37009A4C}
	EndGlobalSection
EndGlobal
